
Microsoft Visual Studio Solution File, Format Version 12.00
# Visual Studio Version 17
VisualStudioVersion = 17.2.32516.85
MinimumVisualStudioVersion = 10.0.40219.1
Project("{FAE04EC0-301F-11D3-BF4B-00C04F79EFBC}") = "SmartUI.Forms.Sample", "SmartUI.Forms.Sample\SmartUI.Forms.Sample.csproj", "{E84A8F14-F31F-4D52-B797-01A4C87A4A8A}"
EndProject
Project("{FAE04EC0-301F-11D3-BF4B-00C04F79EFBC}") = "SmartUI.Forms", "src\SmartUI.Forms\SmartUI.Forms.csproj", "{A761E655-B6F4-4652-951D-2C79109A2D21}"
EndProject
Global
	GlobalSection(SolutionConfigurationPlatforms) = preSolution
		Debug|Any CPU = Debug|Any CPU
		Release|Any CPU = Release|Any CPU
	EndGlobalSection
	GlobalSection(ProjectConfigurationPlatforms) = postSolution
		{E84A8F14-F31F-4D52-B797-01A4C87A4A8A}.Debug|Any CPU.ActiveCfg = Debug|Any CPU
		{E84A8F14-F31F-4D52-B797-01A4C87A4A8A}.Debug|Any CPU.Build.0 = Debug|Any CPU
		{E84A8F14-F31F-4D52-B797-01A4C87A4A8A}.Release|Any CPU.ActiveCfg = Release|Any CPU
		{E84A8F14-F31F-4D52-B797-01A4C87A4A8A}.Release|Any CPU.Build.0 = Release|Any CPU
		{A761E655-B6F4-4652-951D-2C79109A2D21}.Debug|Any CPU.ActiveCfg = Debug|Any CPU
		{A761E655-B6F4-4652-951D-2C79109A2D21}.Debug|Any CPU.Build.0 = Debug|Any CPU
		{A761E655-B6F4-4652-951D-2C79109A2D21}.Release|Any CPU.ActiveCfg = Release|Any CPU
		{A761E655-B6F4-4652-951D-2C79109A2D21}.Release|Any CPU.Build.0 = Release|Any CPU
	EndGlobalSection
	GlobalSection(SolutionProperties) = preSolution
		HideSolutionNode = FALSE
	EndGlobalSection
	GlobalSection(ExtensibilityGlobals) = postSolution
		SolutionGuid = {CBC89633-915E-4A7B-8B05-DCFEFD27322B}
	EndGlobalSection
EndGlobal
